// !$*UTF8*$!
{
	archiveVersion = 1;
	classes = {
	};
	objectVersion = 50;
	objects = {

/* Begin PBXBuildFile section */
		3574A92F250AB5BE00EE96B3 /* SensorList.swift in Sources */ = {isa = PBXBuildFile; fileRef = 3574A92E250AB5BE00EE96B3 /* SensorList.swift */; };
		3597C225250A6A2900B93D2C /* AppDelegate.swift in Sources */ = {isa = PBXBuildFile; fileRef = 3597C224250A6A2900B93D2C /* AppDelegate.swift */; };
		3597C227250A6A2900B93D2C /* SceneDelegate.swift in Sources */ = {isa = PBXBuildFile; fileRef = 3597C226250A6A2900B93D2C /* SceneDelegate.swift */; };
		3597C229250A6A2900B93D2C /* ViewController.swift in Sources */ = {isa = PBXBuildFile; fileRef = 3597C228250A6A2900B93D2C /* ViewController.swift */; };
		3597C22C250A6A2900B93D2C /* Main.storyboard in Resources */ = {isa = PBXBuildFile; fileRef = 3597C22A250A6A2900B93D2C /* Main.storyboard */; };
		3597C22E250A6A2B00B93D2C /* Assets.xcassets in Resources */ = {isa = PBXBuildFile; fileRef = 3597C22D250A6A2B00B93D2C /* Assets.xcassets */; };
		3597C231250A6A2B00B93D2C /* LaunchScreen.storyboard in Resources */ = {isa = PBXBuildFile; fileRef = 3597C22F250A6A2B00B93D2C /* LaunchScreen.storyboard */; };
		3597C239250A6ACC00B93D2C /* SensorScan.swift in Sources */ = {isa = PBXBuildFile; fileRef = 3597C238250A6ACC00B93D2C /* SensorScan.swift */; };
/* End PBXBuildFile section */

/* Begin PBXFileReference section */
		3574A92E250AB5BE00EE96B3 /* SensorList.swift */ = {isa = PBXFileReference; lastKnownFileType = sourcecode.swift; path = SensorList.swift; sourceTree = "<group>"; };
		3597C221250A6A2900B93D2C /* TempHumidSensor.app */ = {isa = PBXFileReference; explicitFileType = wrapper.application; includeInIndex = 0; path = TempHumidSensor.app; sourceTree = BUILT_PRODUCTS_DIR; };
		3597C224250A6A2900B93D2C /* AppDelegate.swift */ = {isa = PBXFileReference; lastKnownFileType = sourcecode.swift; path = AppDelegate.swift; sourceTree = "<group>"; };
		3597C226250A6A2900B93D2C /* SceneDelegate.swift */ = {isa = PBXFileReference; lastKnownFileType = sourcecode.swift; path = SceneDelegate.swift; sourceTree = "<group>"; };
		3597C228250A6A2900B93D2C /* ViewController.swift */ = {isa = PBXFileReference; lastKnownFileType = sourcecode.swift; path = ViewController.swift; sourceTree = "<group>"; };
		3597C22B250A6A2900B93D2C /* Base */ = {isa = PBXFileReference; lastKnownFileType = file.storyboard; name = Base; path = Base.lproj/Main.storyboard; sourceTree = "<group>"; };
		3597C22D250A6A2B00B93D2C /* Assets.xcassets */ = {isa = PBXFileReference; lastKnownFileType = folder.assetcatalog; path = Assets.xcassets; sourceTree = "<group>"; };
		3597C230250A6A2B00B93D2C /* Base */ = {isa = PBXFileReference; lastKnownFileType = file.storyboard; name = Base; path = Base.lproj/LaunchScreen.storyboard; sourceTree = "<group>"; };
		3597C232250A6A2B00B93D2C /* Info.plist */ = {isa = PBXFileReference; lastKnownFileType = text.plist.xml; path = Info.plist; sourceTree = "<group>"; };
		3597C238250A6ACC00B93D2C /* SensorScan.swift */ = {isa = PBXFileReference; lastKnownFileType = sourcecode.swift; path = SensorScan.swift; sourceTree = "<group>"; };
/* End PBXFileReference section */

/* Begin PBXFrameworksBuildPhase section */
		3597C21E250A6A2900B93D2C /* Frameworks */ = {
			isa = PBXFrameworksBuildPhase;
			buildActionMask = 2147483647;
			files = (
			);
			runOnlyForDeploymentPostprocessing = 0;
		};
/* End PBXFrameworksBuildPhase section */

/* Begin PBXGroup section */
		3597C218250A6A2900B93D2C = {
			isa = PBXGroup;
			children = (
				3597C223250A6A2900B93D2C /* TempHumidSensor */,
				3597C222250A6A2900B93D2C /* Products */,
			);
			sourceTree = "<group>";
		};
		3597C222250A6A2900B93D2C /* Products */ = {
			isa = PBXGroup;
			children = (
				3597C221250A6A2900B93D2C /* TempHumidSensor.app */,
			);
			name = Products;
			sourceTree = "<group>";
		};
		3597C223250A6A2900B93D2C /* TempHumidSensor */ = {
			isa = PBXGroup;
			children = (
				3597C224250A6A2900B93D2C /* AppDelegate.swift */,
				3597C226250A6A2900B93D2C /* SceneDelegate.swift */,
				3597C228250A6A2900B93D2C /* ViewController.swift */,
				3597C22A250A6A2900B93D2C /* Main.storyboard */,
				3597C22D250A6A2B00B93D2C /* Assets.xcassets */,
				3597C22F250A6A2B00B93D2C /* LaunchScreen.storyboard */,
				3597C232250A6A2B00B93D2C /* Info.plist */,
				3597C238250A6ACC00B93D2C /* SensorScan.swift */,
				3574A92E250AB5BE00EE96B3 /* SensorList.swift */,
			);
			path = TempHumidSensor;
			sourceTree = "<group>";
		};
/* End PBXGroup section */

/* Begin PBXNativeTarget section */
		3597C220250A6A2900B93D2C /* TempHumidSensor */ = {
			isa = PBXNativeTarget;
			buildConfigurationList = 3597C235250A6A2B00B93D2C /* Build configuration list for PBXNativeTarget "TempHumidSensor" */;
			buildPhases = (
				3597C21D250A6A2900B93D2C /* Sources */,
				3597C21E250A6A2900B93D2C /* Frameworks */,
				3597C21F250A6A2900B93D2C /* Resources */,
			);
			buildRules = (
			);
			dependencies = (
			);
			name = TempHumidSensor;
			productName = TempHumidSensor;
			productReference = 3597C221250A6A2900B93D2C /* TempHumidSensor.app */;
			productType = "com.apple.product-type.application";
		};
/* End PBXNativeTarget section */

/* Begin PBXProject section */
		3597C219250A6A2900B93D2C /* Project object */ = {
			isa = PBXProject;
			attributes = {
				LastSwiftUpdateCheck = 1160;
				LastUpgradeCheck = 1160;
				ORGANIZATIONNAME = "STEVEN COUL";
				TargetAttributes = {
					3597C220250A6A2900B93D2C = {
						CreatedOnToolsVersion = 11.6;
					};
				};
			};
			buildConfigurationList = 3597C21C250A6A2900B93D2C /* Build configuration list for PBXProject "TempHumidSensor" */;
			compatibilityVersion = "Xcode 9.3";
			developmentRegion = en;
			hasScannedForEncodings = 0;
			knownRegions = (
				en,
				Base,
			);
			mainGroup = 3597C218250A6A2900B93D2C;
			productRefGroup = 3597C222250A6A2900B93D2C /* Products */;
			projectDirPath = "";
			projectRoot = "";
			targets = (
				3597C220250A6A2900B93D2C /* TempHumidSensor */,
			);
		};
/* End PBXProject section */

/* Begin PBXResourcesBuildPhase section */
		3597C21F250A6A2900B93D2C /* Resources */ = {
			isa = PBXResourcesBuildPhase;
			buildActionMask = 2147483647;
			files = (
				3597C231250A6A2B00B93D2C /* LaunchScreen.storyboard in Resources */,
				3597C22E250A6A2B00B93D2C /* Assets.xcassets in Resources */,
				3597C22C250A6A2900B93D2C /* Main.storyboard in Resources */,
			);
			runOnlyForDeploymentPostprocessing = 0;
		};
/* End PBXResourcesBuildPhase section */

/* Begin PBXSourcesBuildPhase section */
		3597C21D250A6A2900B93D2C /* Sources */ = {
			isa = PBXSourcesBuildPhase;
			buildActionMask = 2147483647;
			files = (
				3597C229250A6A2900B93D2C /* ViewController.swift in Sources */,
				3597C225250A6A2900B93D2C /* AppDelegate.swift in Sources */,
				3597C239250A6ACC00B93D2C /* SensorScan.swift in Sources */,
				3574A92F250AB5BE00EE96B3 /* SensorList.swift in Sources */,
				3597C227250A6A2900B93D2C /* SceneDelegate.swift in Sources */,
			);
			runOnlyForDeploymentPostprocessing = 0;
		};
/* End PBXSourcesBuildPhase section */

/* Begin PBXVariantGroup section */
		3597C22A250A6A2900B93D2C /* Main.storyboard */ = {
			isa = PBXVariantGroup;
			children = (
				3597C22B250A6A2900B93D2C /* Base */,
			);
			name = Main.storyboard;
			sourceTree = "<group>";
		};
		3597C22F250A6A2B00B93D2C /* LaunchScreen.storyboard */ = {
			isa = PBXVariantGroup;
			children = (
				3597C230250A6A2B00B93D2C /* Base */,
			);
			name = LaunchScreen.storyboard;
			sourceTree = "<group>";
		};
/* End PBXVariantGroup section */

/* Begin XCBuildConfiguration section */
		3597C233250A6A2B00B93D2C /* Debug */ = {
			isa = XCBuildConfiguration;
			buildSettings = {
				ALWAYS_SEARCH_USER_PATHS = NO;
				CLANG_ANALYZER_NONNULL = YES;
				CLANG_ANALYZER_NUMBER_OBJECT_CONVERSION = YES_AGGRESSIVE;
				CLANG_CXX_LANGUAGE_STANDARD = "gnu++14";
				CLANG_CXX_LIBRARY = "libc++";
				CLANG_ENABLE_MODULES = YES;
				CLANG_ENABLE_OBJC_ARC = YES;
				CLANG_ENABLE_OBJC_WEAK = YES;
				CLANG_WARN_BLOCK_CAPTURE_AUTORELEASING = YES;
				CLANG_WARN_BOOL_CONVERSION = YES;
				CLANG_WARN_COMMA = YES;
				CLANG_WARN_CONSTANT_CONVERSION = YES;
				CLANG_WARN_DEPRECATED_OBJC_IMPLEMENTATIONS = YES;
				CLANG_WARN_DIRECT_OBJC_ISA_USAGE = YES_ERROR;
				CLANG_WARN_DOCUMENTATION_COMMENTS = YES;
				CLANG_WARN_EMPTY_BODY = YES;
				CLANG_WARN_ENUM_CONVERSION = YES;
				CLANG_WARN_INFINITE_RECURSION = YES;
				CLANG_WARN_INT_CONVERSION = YES;
				CLANG_WARN_NON_LITERAL_NULL_CONVERSION = YES;
				CLANG_WARN_OBJC_IMPLICIT_RETAIN_SELF = YES;
				CLANG_WARN_OBJC_LITERAL_CONVERSION = YES;
				CLANG_WARN_OBJC_ROOT_CLASS = YES_ERROR;
				CLANG_WARN_RANGE_LOOP_ANALYSIS = YES;
				CLANG_WARN_STRICT_PROTOTYPES = YES;
				CLANG_WARN_SUSPICIOUS_MOVE = YES;
				CLANG_WARN_UNGUARDED_AVAILABILITY = YES_AGGRESSIVE;
				CLANG_WARN_UNREACHABLE_CODE = YES;
				CLANG_WARN__DUPLICATE_METHOD_MATCH = YES;
				COPY_PHASE_STRIP = NO;
				DEBUG_INFORMATION_FORMAT = dwarf;
				ENABLE_STRICT_OBJC_MSGSEND = YES;
				ENABLE_TESTABILITY = YES;
				GCC_C_LANGUAGE_STANDARD = gnu11;
				GCC_DYNAMIC_NO_PIC = NO;
				GCC_NO_COMMON_BLOCKS = YES;
				GCC_OPTIMIZATION_LEVEL = 0;
				GCC_PREPROCESSOR_DEFINITIONS = (
					"DEBUG=1",
					"$(inherited)",
				);
				GCC_WARN_64_TO_32_BIT_CONVERSION = YES;
				GCC_WARN_ABOUT_RETURN_TYPE = YES_ERROR;
				GCC_WARN_UNDECLARED_SELECTOR = YES;
				GCC_WARN_UNINITIALIZED_AUTOS = YES_AGGRESSIVE;
				GCC_WARN_UNUSED_FUNCTION = YES;
				GCC_WARN_UNUSED_VARIABLE = YES;
				IPHONEOS_DEPLOYMENT_TARGET = 13.6;
				MTL_ENABLE_DEBUG_INFO = INCLUDE_SOURCE;
				MTL_FAST_MATH = YES;
				ONLY_ACTIVE_ARCH = YES;
				SDKROOT = iphoneos;
				SWIFT_ACTIVE_COMPILATION_CONDITIONS = DEBUG;
				SWIFT_OPTIMIZATION_LEVEL = "-Onone";
			};
			name = Debug;
		};
		3597C234250A6A2B00B93D2C /* Release */ = {
			isa = XCBuildConfiguration;
			buildSettings = {
				ALWAYS_SEARCH_USER_PATHS = NO;
				CLANG_ANALYZER_NONNULL = YES;
				CLANG_ANALYZER_NUMBER_OBJECT_CONVERSION = YES_AGGRESSIVE;
				CLANG_CXX_LANGUAGE_STANDARD = "gnu++14";
				CLANG_CXX_LIBRARY = "libc++";
				CLANG_ENABLE_MODULES = YES;
				CLANG_ENABLE_OBJC_ARC = YES;
				CLANG_ENABLE_OBJC_WEAK = YES;
				CLANG_WARN_BLOCK_CAPTURE_AUTORELEASING = YES;
				CLANG_WARN_BOOL_CONVERSION = YES;
				CLANG_WARN_COMMA = YES;
				CLANG_WARN_CONSTANT_CONVERSION = YES;
				CLANG_WARN_DEPRECATED_OBJC_IMPLEMENTATIONS = YES;
				CLANG_WARN_DIRECT_OBJC_ISA_USAGE = YES_ERROR;
				CLANG_WARN_DOCUMENTATION_COMMENTS = YES;
				CLANG_WARN_EMPTY_BODY = YES;
				CLANG_WARN_ENUM_CONVERSION = YES;
				CLANG_WARN_INFINITE_RECURSION = YES;
				CLANG_WARN_INT_CONVERSION = YES;
				CLANG_WARN_NON_LITERAL_NULL_CONVERSION = YES;
				CLANG_WARN_OBJC_IMPLICIT_RETAIN_SELF = YES;
				CLANG_WARN_OBJC_LITERAL_CONVERSION = YES;
				CLANG_WARN_OBJC_ROOT_CLASS = YES_ERROR;
				CLANG_WARN_RANGE_LOOP_ANALYSIS = YES;
				CLANG_WARN_STRICT_PROTOTYPES = YES;
				CLANG_WARN_SUSPICIOUS_MOVE = YES;
				CLANG_WARN_UNGUARDED_AVAILABILITY = YES_AGGRESSIVE;
				CLANG_WARN_UNREACHABLE_CODE = YES;
				CLANG_WARN__DUPLICATE_METHOD_MATCH = YES;
				COPY_PHASE_STRIP = NO;
				DEBUG_INFORMATION_FORMAT = "dwarf-with-dsym";
				ENABLE_NS_ASSERTIONS = NO;
				ENABLE_STRICT_OBJC_MSGSEND = YES;
				GCC_C_LANGUAGE_STANDARD = gnu11;
				GCC_NO_COMMON_BLOCKS = YES;
				GCC_WARN_64_TO_32_BIT_CONVERSION = YES;
				GCC_WARN_ABOUT_RETURN_TYPE = YES_ERROR;
				GCC_WARN_UNDECLARED_SELECTOR = YES;
				GCC_WARN_UNINITIALIZED_AUTOS = YES_AGGRESSIVE;
				GCC_WARN_UNUSED_FUNCTION = YES;
				GCC_WARN_UNUSED_VARIABLE = YES;
				IPHONEOS_DEPLOYMENT_TARGET = 13.6;
				MTL_ENABLE_DEBUG_INFO = NO;
				MTL_FAST_MATH = YES;
				SDKROOT = iphoneos;
				SWIFT_COMPILATION_MODE = wholemodule;
				SWIFT_OPTIMIZATION_LEVEL = "-O";
				VALIDATE_PRODUCT = YES;
			};
			name = Release;
		};
		3597C236250A6A2B00B93D2C /* Debug */ = {
			isa = XCBuildConfiguration;
			buildSettings = {
				ASSETCATALOG_COMPILER_APPICON_NAME = AppIcon;
				CODE_SIGN_STYLE = Automatic;
				DEVELOPMENT_TEAM = VQE57WJ2DK;
				INFOPLIST_FILE = TempHumidSensor/Info.plist;
				LD_RUNPATH_SEARCH_PATHS = (
					"$(inherited)",
					"@executable_path/Frameworks",
				);
				PRODUCT_BUNDLE_IDENTIFIER = com.gromit2000.TempHumidSensor;
				PRODUCT_NAME = "$(TARGET_NAME)";
				SWIFT_VERSION = 5.0;
				TARGETED_DEVICE_FAMILY = "1,2";
			};
			name = Debug;
		};
		3597C237250A6A2B00B93D2C /* Release */ = {
			isa = XCBuildConfiguration;
			buildSettings = {
				ASSETCATALOG_COMPILER_APPICON_NAME = AppIcon;
				CODE_SIGN_STYLE = Automatic;
				DEVELOPMENT_TEAM = VQE57WJ2DK;
				INFOPLIST_FILE = TempHumidSensor/Info.plist;
				LD_RUNPATH_SEARCH_PATHS = (
					"$(inherited)",
					"@executable_path/Frameworks",
				);
				PRODUCT_BUNDLE_IDENTIFIER = com.gromit2000.TempHumidSensor;
				PRODUCT_NAME = "$(TARGET_NAME)";
				SWIFT_VERSION = 5.0;
				TARGETED_DEVICE_FAMILY = "1,2";
			};
			name = Release;
		};
/* End XCBuildConfiguration section */

/* Begin XCConfigurationList section */
		3597C21C250A6A2900B93D2C /* Build configuration list for PBXProject "TempHumidSensor" */ = {
			isa = XCConfigurationList;
			buildConfigurations = (
				3597C233250A6A2B00B93D2C /* Debug */,
				3597C234250A6A2B00B93D2C /* Release */,
			);
			defaultConfigurationIsVisible = 0;
			defaultConfigurationName = Release;
		};
		3597C235250A6A2B00B93D2C /* Build configuration list for PBXNativeTarget "TempHumidSensor" */ = {
			isa = XCConfigurationList;
			buildConfigurations = (
				3597C236250A6A2B00B93D2C /* Debug */,
				3597C237250A6A2B00B93D2C /* Release */,
			);
			defaultConfigurationIsVisible = 0;
			defaultConfigurationName = Release;
		};
/* End XCConfigurationList section */
	};
	rootObject = 3597C219250A6A2900B93D2C /* Project object */;
}
